// !$*UTF8*$!
{
	archiveVersion = 1;
	classes = {
	};
	objectVersion = 56;
	objects = {

/* Begin PBXBuildFile section */
		019E95A87BEC785279AA3EB7 /* Pods_Spotify_App_Spotify_AppUITests.framework in Frameworks */ = {isa = PBXBuildFile; fileRef = 29454118DC3E91846E1D7F08 /* Pods_Spotify_App_Spotify_AppUITests.framework */; };
		9F1C4FE92B5921B5003B2EFD /* NewReleasesResponse.swift in Sources */ = {isa = PBXBuildFile; fileRef = 9F1C4FE82B5921B5003B2EFD /* NewReleasesResponse.swift */; };
		9F1C4FEB2B5923B5003B2EFD /* APIImages.swift in Sources */ = {isa = PBXBuildFile; fileRef = 9F1C4FEA2B5923B5003B2EFD /* APIImages.swift */; };
		9F1C4FED2B594276003B2EFD /* FeaturedPlaylistsResponse.swift in Sources */ = {isa = PBXBuildFile; fileRef = 9F1C4FEC2B594276003B2EFD /* FeaturedPlaylistsResponse.swift */; };
		9F1C4FEF2B5948F2003B2EFD /* RecommendedGenresResponse.swift in Sources */ = {isa = PBXBuildFile; fileRef = 9F1C4FEE2B5948F2003B2EFD /* RecommendedGenresResponse.swift */; };
		9F1C4FF12B5955B0003B2EFD /* RecommendationsResponse.swift in Sources */ = {isa = PBXBuildFile; fileRef = 9F1C4FF02B5955B0003B2EFD /* RecommendationsResponse.swift */; };
		9F1C4FF42B5AFC71003B2EFD /* NewReleaseCollectionViewCell.swift in Sources */ = {isa = PBXBuildFile; fileRef = 9F1C4FF32B5AFC71003B2EFD /* NewReleaseCollectionViewCell.swift */; };
		9F1C4FF62B5AFC98003B2EFD /* FeaturedPlaylistCollectionViewCell.swift in Sources */ = {isa = PBXBuildFile; fileRef = 9F1C4FF52B5AFC98003B2EFD /* FeaturedPlaylistCollectionViewCell.swift */; };
		9F1C4FF82B5AFCAD003B2EFD /* RecommendedTrackCollectionViewCell.swift in Sources */ = {isa = PBXBuildFile; fileRef = 9F1C4FF72B5AFCAD003B2EFD /* RecommendedTrackCollectionViewCell.swift */; };
		9F2D8B372B442E9900F901B4 /* AppDelegate.swift in Sources */ = {isa = PBXBuildFile; fileRef = 9F2D8B362B442E9900F901B4 /* AppDelegate.swift */; };
		9F2D8B392B442E9900F901B4 /* SceneDelegate.swift in Sources */ = {isa = PBXBuildFile; fileRef = 9F2D8B382B442E9900F901B4 /* SceneDelegate.swift */; };
		9F2D8B402B442E9A00F901B4 /* Assets.xcassets in Resources */ = {isa = PBXBuildFile; fileRef = 9F2D8B3F2B442E9A00F901B4 /* Assets.xcassets */; };
		9F2D8B432B442E9A00F901B4 /* LaunchScreen.storyboard in Resources */ = {isa = PBXBuildFile; fileRef = 9F2D8B412B442E9A00F901B4 /* LaunchScreen.storyboard */; };
		9F2D8B4E2B442E9A00F901B4 /* Spotify_AppTests.swift in Sources */ = {isa = PBXBuildFile; fileRef = 9F2D8B4D2B442E9A00F901B4 /* Spotify_AppTests.swift */; };
		9F2D8B582B442E9A00F901B4 /* Spotify_AppUITests.swift in Sources */ = {isa = PBXBuildFile; fileRef = 9F2D8B572B442E9A00F901B4 /* Spotify_AppUITests.swift */; };
		9F2D8B5A2B442E9A00F901B4 /* Spotify_AppUITestsLaunchTests.swift in Sources */ = {isa = PBXBuildFile; fileRef = 9F2D8B592B442E9A00F901B4 /* Spotify_AppUITestsLaunchTests.swift */; };
		9F2D8B672B442F9F00F901B4 /* MainTabBarVC.swift in Sources */ = {isa = PBXBuildFile; fileRef = 9F2D8B662B442F9F00F901B4 /* MainTabBarVC.swift */; };
		9F2D8B702B44304E00F901B4 /* HomeVC.swift in Sources */ = {isa = PBXBuildFile; fileRef = 9F2D8B6F2B44304E00F901B4 /* HomeVC.swift */; };
		9F2D8B722B44306100F901B4 /* SearchVC.swift in Sources */ = {isa = PBXBuildFile; fileRef = 9F2D8B712B44306100F901B4 /* SearchVC.swift */; };
		9F2D8B742B44307300F901B4 /* LibraryVC.swift in Sources */ = {isa = PBXBuildFile; fileRef = 9F2D8B732B44307300F901B4 /* LibraryVC.swift */; };
		9F2D8B772B44309B00F901B4 /* AuthVC.swift in Sources */ = {isa = PBXBuildFile; fileRef = 9F2D8B762B44309B00F901B4 /* AuthVC.swift */; };
		9F2D8B792B4430A700F901B4 /* SettingsVC.swift in Sources */ = {isa = PBXBuildFile; fileRef = 9F2D8B782B4430A700F901B4 /* SettingsVC.swift */; };
		9F2D8B7B2B4430B500F901B4 /* WelcomeVC.swift in Sources */ = {isa = PBXBuildFile; fileRef = 9F2D8B7A2B4430B500F901B4 /* WelcomeVC.swift */; };
		9F2D8B7D2B4430FE00F901B4 /* ProfileVC.swift in Sources */ = {isa = PBXBuildFile; fileRef = 9F2D8B7C2B4430FE00F901B4 /* ProfileVC.swift */; };
		9F2D8B7F2B44310B00F901B4 /* PlayerVC.swift in Sources */ = {isa = PBXBuildFile; fileRef = 9F2D8B7E2B44310B00F901B4 /* PlayerVC.swift */; };
		9F2D8B812B44311D00F901B4 /* PlaylistVC.swift in Sources */ = {isa = PBXBuildFile; fileRef = 9F2D8B802B44311D00F901B4 /* PlaylistVC.swift */; };
		9F2D8B832B44313100F901B4 /* SearchResultsVC.swift in Sources */ = {isa = PBXBuildFile; fileRef = 9F2D8B822B44313100F901B4 /* SearchResultsVC.swift */; };
		9F2D8B852B44319600F901B4 /* AuthManager.swift in Sources */ = {isa = PBXBuildFile; fileRef = 9F2D8B842B44319600F901B4 /* AuthManager.swift */; };
		9F2D8B872B4431A100F901B4 /* APICaller.swift in Sources */ = {isa = PBXBuildFile; fileRef = 9F2D8B862B4431A100F901B4 /* APICaller.swift */; };
		9F2D8B892B4431B500F901B4 /* HapticsManager.swift in Sources */ = {isa = PBXBuildFile; fileRef = 9F2D8B882B4431B500F901B4 /* HapticsManager.swift */; };
		9F2D8B8B2B44325600F901B4 /* Playlist.swift in Sources */ = {isa = PBXBuildFile; fileRef = 9F2D8B8A2B44325600F901B4 /* Playlist.swift */; };
		9F2D8B8D2B44325F00F901B4 /* Artist.swift in Sources */ = {isa = PBXBuildFile; fileRef = 9F2D8B8C2B44325F00F901B4 /* Artist.swift */; };
		9F2D8B8F2B44326E00F901B4 /* UserProfile.swift in Sources */ = {isa = PBXBuildFile; fileRef = 9F2D8B8E2B44326E00F901B4 /* UserProfile.swift */; };
		9F2D8B912B44327E00F901B4 /* AudioTrack.swift in Sources */ = {isa = PBXBuildFile; fileRef = 9F2D8B902B44327E00F901B4 /* AudioTrack.swift */; };
		9F2D8B932B44706200F901B4 /* Extensions.swift in Sources */ = {isa = PBXBuildFile; fileRef = 9F2D8B922B44706200F901B4 /* Extensions.swift */; };
		9F62F5762B5125E600EF00D8 /* SettingsModels.swift in Sources */ = {isa = PBXBuildFile; fileRef = 9F62F5752B5125E600EF00D8 /* SettingsModels.swift */; };
		9FDF14A12B5BDF3100975F98 /* NewReleasesCellViewModel.swift in Sources */ = {isa = PBXBuildFile; fileRef = 9FDF14A02B5BDF3100975F98 /* NewReleasesCellViewModel.swift */; };
		9FDF14A32B5D1BF300975F98 /* FeaturedPlaylistCellViewModel.swift in Sources */ = {isa = PBXBuildFile; fileRef = 9FDF14A22B5D1BF300975F98 /* FeaturedPlaylistCellViewModel.swift */; };
		9FDF14A52B5D1C0D00975F98 /* RecommendedTracksCellViewModel.swift in Sources */ = {isa = PBXBuildFile; fileRef = 9FDF14A42B5D1C0D00975F98 /* RecommendedTracksCellViewModel.swift */; };
		9FE119B52B47294B0092C592 /* AuthResponse.swift in Sources */ = {isa = PBXBuildFile; fileRef = 9FE119B42B47294B0092C592 /* AuthResponse.swift */; };
		C888F8D369DDE51709B8DEAC /* Pods_Spotify_AppTests.framework in Frameworks */ = {isa = PBXBuildFile; fileRef = 765F0454C8D0FA95CDCAF83C /* Pods_Spotify_AppTests.framework */; };
		E278F1586047EFE4DD97A948 /* Pods_Spotify_App.framework in Frameworks */ = {isa = PBXBuildFile; fileRef = DADD56FBFE96534D1072D555 /* Pods_Spotify_App.framework */; };
/* End PBXBuildFile section */

/* Begin PBXContainerItemProxy section */
		9F2D8B4A2B442E9A00F901B4 /* PBXContainerItemProxy */ = {
			isa = PBXContainerItemProxy;
			containerPortal = 9F2D8B2B2B442E9900F901B4 /* Project object */;
			proxyType = 1;
			remoteGlobalIDString = 9F2D8B322B442E9900F901B4;
			remoteInfo = "Spotify App";
		};
		9F2D8B542B442E9A00F901B4 /* PBXContainerItemProxy */ = {
			isa = PBXContainerItemProxy;
			containerPortal = 9F2D8B2B2B442E9900F901B4 /* Project object */;
			proxyType = 1;
			remoteGlobalIDString = 9F2D8B322B442E9900F901B4;
			remoteInfo = "Spotify App";
		};
/* End PBXContainerItemProxy section */

/* Begin PBXFileReference section */
		207C5420EED8D585D7D0D69B /* Pods-Spotify AppTests.debug.xcconfig */ = {isa = PBXFileReference; includeInIndex = 1; lastKnownFileType = text.xcconfig; name = "Pods-Spotify AppTests.debug.xcconfig"; path = "Target Support Files/Pods-Spotify AppTests/Pods-Spotify AppTests.debug.xcconfig"; sourceTree = "<group>"; };
		29454118DC3E91846E1D7F08 /* Pods_Spotify_App_Spotify_AppUITests.framework */ = {isa = PBXFileReference; explicitFileType = wrapper.framework; includeInIndex = 0; path = Pods_Spotify_App_Spotify_AppUITests.framework; sourceTree = BUILT_PRODUCTS_DIR; };
		32777222C0E4B6B08F3A2F76 /* Pods-Spotify App-Spotify AppUITests.release.xcconfig */ = {isa = PBXFileReference; includeInIndex = 1; lastKnownFileType = text.xcconfig; name = "Pods-Spotify App-Spotify AppUITests.release.xcconfig"; path = "Target Support Files/Pods-Spotify App-Spotify AppUITests/Pods-Spotify App-Spotify AppUITests.release.xcconfig"; sourceTree = "<group>"; };
		338F5CAB03DAD6AFE25DE8B0 /* Pods-Spotify App-Spotify AppUITests.debug.xcconfig */ = {isa = PBXFileReference; includeInIndex = 1; lastKnownFileType = text.xcconfig; name = "Pods-Spotify App-Spotify AppUITests.debug.xcconfig"; path = "Target Support Files/Pods-Spotify App-Spotify AppUITests/Pods-Spotify App-Spotify AppUITests.debug.xcconfig"; sourceTree = "<group>"; };
		3982C00E84B7E859DC9AEEE6 /* Pods-Spotify AppTests.release.xcconfig */ = {isa = PBXFileReference; includeInIndex = 1; lastKnownFileType = text.xcconfig; name = "Pods-Spotify AppTests.release.xcconfig"; path = "Target Support Files/Pods-Spotify AppTests/Pods-Spotify AppTests.release.xcconfig"; sourceTree = "<group>"; };
		67C8F75D31558217091AAAAF /* Pods-Spotify App.debug.xcconfig */ = {isa = PBXFileReference; includeInIndex = 1; lastKnownFileType = text.xcconfig; name = "Pods-Spotify App.debug.xcconfig"; path = "Target Support Files/Pods-Spotify App/Pods-Spotify App.debug.xcconfig"; sourceTree = "<group>"; };
		765F0454C8D0FA95CDCAF83C /* Pods_Spotify_AppTests.framework */ = {isa = PBXFileReference; explicitFileType = wrapper.framework; includeInIndex = 0; path = Pods_Spotify_AppTests.framework; sourceTree = BUILT_PRODUCTS_DIR; };
		802B600FF388DF13D1E4DFCC /* Pods-Spotify App.release.xcconfig */ = {isa = PBXFileReference; includeInIndex = 1; lastKnownFileType = text.xcconfig; name = "Pods-Spotify App.release.xcconfig"; path = "Target Support Files/Pods-Spotify App/Pods-Spotify App.release.xcconfig"; sourceTree = "<group>"; };
		9F1C4FE82B5921B5003B2EFD /* NewReleasesResponse.swift */ = {isa = PBXFileReference; lastKnownFileType = sourcecode.swift; path = NewReleasesResponse.swift; sourceTree = "<group>"; };
		9F1C4FEA2B5923B5003B2EFD /* APIImages.swift */ = {isa = PBXFileReference; lastKnownFileType = sourcecode.swift; path = APIImages.swift; sourceTree = "<group>"; };
		9F1C4FEC2B594276003B2EFD /* FeaturedPlaylistsResponse.swift */ = {isa = PBXFileReference; lastKnownFileType = sourcecode.swift; path = FeaturedPlaylistsResponse.swift; sourceTree = "<group>"; };
		9F1C4FEE2B5948F2003B2EFD /* RecommendedGenresResponse.swift */ = {isa = PBXFileReference; lastKnownFileType = sourcecode.swift; path = RecommendedGenresResponse.swift; sourceTree = "<group>"; };
		9F1C4FF02B5955B0003B2EFD /* RecommendationsResponse.swift */ = {isa = PBXFileReference; lastKnownFileType = sourcecode.swift; path = RecommendationsResponse.swift; sourceTree = "<group>"; };
		9F1C4FF32B5AFC71003B2EFD /* NewReleaseCollectionViewCell.swift */ = {isa = PBXFileReference; lastKnownFileType = sourcecode.swift; path = NewReleaseCollectionViewCell.swift; sourceTree = "<group>"; };
		9F1C4FF52B5AFC98003B2EFD /* FeaturedPlaylistCollectionViewCell.swift */ = {isa = PBXFileReference; lastKnownFileType = sourcecode.swift; path = FeaturedPlaylistCollectionViewCell.swift; sourceTree = "<group>"; };
		9F1C4FF72B5AFCAD003B2EFD /* RecommendedTrackCollectionViewCell.swift */ = {isa = PBXFileReference; lastKnownFileType = sourcecode.swift; path = RecommendedTrackCollectionViewCell.swift; sourceTree = "<group>"; };
		9F2D8B332B442E9900F901B4 /* Spotify App.app */ = {isa = PBXFileReference; explicitFileType = wrapper.application; includeInIndex = 0; path = "Spotify App.app"; sourceTree = BUILT_PRODUCTS_DIR; };
		9F2D8B362B442E9900F901B4 /* AppDelegate.swift */ = {isa = PBXFileReference; lastKnownFileType = sourcecode.swift; path = AppDelegate.swift; sourceTree = "<group>"; };
		9F2D8B382B442E9900F901B4 /* SceneDelegate.swift */ = {isa = PBXFileReference; lastKnownFileType = sourcecode.swift; path = SceneDelegate.swift; sourceTree = "<group>"; };
		9F2D8B3F2B442E9A00F901B4 /* Assets.xcassets */ = {isa = PBXFileReference; lastKnownFileType = folder.assetcatalog; path = Assets.xcassets; sourceTree = "<group>"; };
		9F2D8B422B442E9A00F901B4 /* Base */ = {isa = PBXFileReference; lastKnownFileType = file.storyboard; name = Base; path = Base.lproj/LaunchScreen.storyboard; sourceTree = "<group>"; };
		9F2D8B442B442E9A00F901B4 /* Info.plist */ = {isa = PBXFileReference; lastKnownFileType = text.plist.xml; path = Info.plist; sourceTree = "<group>"; };
		9F2D8B492B442E9A00F901B4 /* Spotify AppTests.xctest */ = {isa = PBXFileReference; explicitFileType = wrapper.cfbundle; includeInIndex = 0; path = "Spotify AppTests.xctest"; sourceTree = BUILT_PRODUCTS_DIR; };
		9F2D8B4D2B442E9A00F901B4 /* Spotify_AppTests.swift */ = {isa = PBXFileReference; lastKnownFileType = sourcecode.swift; path = Spotify_AppTests.swift; sourceTree = "<group>"; };
		9F2D8B532B442E9A00F901B4 /* Spotify AppUITests.xctest */ = {isa = PBXFileReference; explicitFileType = wrapper.cfbundle; includeInIndex = 0; path = "Spotify AppUITests.xctest"; sourceTree = BUILT_PRODUCTS_DIR; };
		9F2D8B572B442E9A00F901B4 /* Spotify_AppUITests.swift */ = {isa = PBXFileReference; lastKnownFileType = sourcecode.swift; path = Spotify_AppUITests.swift; sourceTree = "<group>"; };
		9F2D8B592B442E9A00F901B4 /* Spotify_AppUITestsLaunchTests.swift */ = {isa = PBXFileReference; lastKnownFileType = sourcecode.swift; path = Spotify_AppUITestsLaunchTests.swift; sourceTree = "<group>"; };
		9F2D8B662B442F9F00F901B4 /* MainTabBarVC.swift */ = {isa = PBXFileReference; lastKnownFileType = sourcecode.swift; path = MainTabBarVC.swift; sourceTree = "<group>"; };
		9F2D8B6F2B44304E00F901B4 /* HomeVC.swift */ = {isa = PBXFileReference; lastKnownFileType = sourcecode.swift; path = HomeVC.swift; sourceTree = "<group>"; };
		9F2D8B712B44306100F901B4 /* SearchVC.swift */ = {isa = PBXFileReference; lastKnownFileType = sourcecode.swift; path = SearchVC.swift; sourceTree = "<group>"; };
		9F2D8B732B44307300F901B4 /* LibraryVC.swift */ = {isa = PBXFileReference; lastKnownFileType = sourcecode.swift; path = LibraryVC.swift; sourceTree = "<group>"; };
		9F2D8B762B44309B00F901B4 /* AuthVC.swift */ = {isa = PBXFileReference; lastKnownFileType = sourcecode.swift; path = AuthVC.swift; sourceTree = "<group>"; };
		9F2D8B782B4430A700F901B4 /* SettingsVC.swift */ = {isa = PBXFileReference; lastKnownFileType = sourcecode.swift; path = SettingsVC.swift; sourceTree = "<group>"; };
		9F2D8B7A2B4430B500F901B4 /* WelcomeVC.swift */ = {isa = PBXFileReference; lastKnownFileType = sourcecode.swift; path = WelcomeVC.swift; sourceTree = "<group>"; };
		9F2D8B7C2B4430FE00F901B4 /* ProfileVC.swift */ = {isa = PBXFileReference; lastKnownFileType = sourcecode.swift; path = ProfileVC.swift; sourceTree = "<group>"; };
		9F2D8B7E2B44310B00F901B4 /* PlayerVC.swift */ = {isa = PBXFileReference; lastKnownFileType = sourcecode.swift; path = PlayerVC.swift; sourceTree = "<group>"; };
		9F2D8B802B44311D00F901B4 /* PlaylistVC.swift */ = {isa = PBXFileReference; lastKnownFileType = sourcecode.swift; path = PlaylistVC.swift; sourceTree = "<group>"; };
		9F2D8B822B44313100F901B4 /* SearchResultsVC.swift */ = {isa = PBXFileReference; lastKnownFileType = sourcecode.swift; path = SearchResultsVC.swift; sourceTree = "<group>"; };
		9F2D8B842B44319600F901B4 /* AuthManager.swift */ = {isa = PBXFileReference; lastKnownFileType = sourcecode.swift; path = AuthManager.swift; sourceTree = "<group>"; };
		9F2D8B862B4431A100F901B4 /* APICaller.swift */ = {isa = PBXFileReference; lastKnownFileType = sourcecode.swift; path = APICaller.swift; sourceTree = "<group>"; };
		9F2D8B882B4431B500F901B4 /* HapticsManager.swift */ = {isa = PBXFileReference; lastKnownFileType = sourcecode.swift; path = HapticsManager.swift; sourceTree = "<group>"; };
		9F2D8B8A2B44325600F901B4 /* Playlist.swift */ = {isa = PBXFileReference; lastKnownFileType = sourcecode.swift; path = Playlist.swift; sourceTree = "<group>"; };
		9F2D8B8C2B44325F00F901B4 /* Artist.swift */ = {isa = PBXFileReference; lastKnownFileType = sourcecode.swift; path = Artist.swift; sourceTree = "<group>"; };
		9F2D8B8E2B44326E00F901B4 /* UserProfile.swift */ = {isa = PBXFileReference; lastKnownFileType = sourcecode.swift; path = UserProfile.swift; sourceTree = "<group>"; };
		9F2D8B902B44327E00F901B4 /* AudioTrack.swift */ = {isa = PBXFileReference; lastKnownFileType = sourcecode.swift; path = AudioTrack.swift; sourceTree = "<group>"; };
		9F2D8B922B44706200F901B4 /* Extensions.swift */ = {isa = PBXFileReference; lastKnownFileType = sourcecode.swift; path = Extensions.swift; sourceTree = "<group>"; };
		9F62F5752B5125E600EF00D8 /* SettingsModels.swift */ = {isa = PBXFileReference; lastKnownFileType = sourcecode.swift; path = SettingsModels.swift; sourceTree = "<group>"; };
		9FDF14A02B5BDF3100975F98 /* NewReleasesCellViewModel.swift */ = {isa = PBXFileReference; lastKnownFileType = sourcecode.swift; path = NewReleasesCellViewModel.swift; sourceTree = "<group>"; };
		9FDF14A22B5D1BF300975F98 /* FeaturedPlaylistCellViewModel.swift */ = {isa = PBXFileReference; lastKnownFileType = sourcecode.swift; path = FeaturedPlaylistCellViewModel.swift; sourceTree = "<group>"; };
		9FDF14A42B5D1C0D00975F98 /* RecommendedTracksCellViewModel.swift */ = {isa = PBXFileReference; lastKnownFileType = sourcecode.swift; path = RecommendedTracksCellViewModel.swift; sourceTree = "<group>"; };
		9FE119B42B47294B0092C592 /* AuthResponse.swift */ = {isa = PBXFileReference; lastKnownFileType = sourcecode.swift; path = AuthResponse.swift; sourceTree = "<group>"; };
		DADD56FBFE96534D1072D555 /* Pods_Spotify_App.framework */ = {isa = PBXFileReference; explicitFileType = wrapper.framework; includeInIndex = 0; path = Pods_Spotify_App.framework; sourceTree = BUILT_PRODUCTS_DIR; };
/* End PBXFileReference section */

/* Begin PBXFrameworksBuildPhase section */
		9F2D8B302B442E9900F901B4 /* Frameworks */ = {
			isa = PBXFrameworksBuildPhase;
			buildActionMask = 2147483647;
			files = (
				E278F1586047EFE4DD97A948 /* Pods_Spotify_App.framework in Frameworks */,
			);
			runOnlyForDeploymentPostprocessing = 0;
		};
		9F2D8B462B442E9A00F901B4 /* Frameworks */ = {
			isa = PBXFrameworksBuildPhase;
			buildActionMask = 2147483647;
			files = (
				C888F8D369DDE51709B8DEAC /* Pods_Spotify_AppTests.framework in Frameworks */,
			);
			runOnlyForDeploymentPostprocessing = 0;
		};
		9F2D8B502B442E9A00F901B4 /* Frameworks */ = {
			isa = PBXFrameworksBuildPhase;
			buildActionMask = 2147483647;
			files = (
				019E95A87BEC785279AA3EB7 /* Pods_Spotify_App_Spotify_AppUITests.framework in Frameworks */,
			);
			runOnlyForDeploymentPostprocessing = 0;
		};
/* End PBXFrameworksBuildPhase section */

/* Begin PBXGroup section */
		9F1C4FF22B5AFC21003B2EFD /* Views */ = {
			isa = PBXGroup;
			children = (
				9F2D8B6A2B442FE900F901B4 /* Browse */,
				9F2D8B412B442E9A00F901B4 /* LaunchScreen.storyboard */,
			);
			path = Views;
			sourceTree = "<group>";
		};
		9F2D8B2A2B442E9900F901B4 = {
			isa = PBXGroup;
			children = (
				9F2D8B352B442E9900F901B4 /* Spotify App */,
				9F2D8B4C2B442E9A00F901B4 /* Spotify AppTests */,
				9F2D8B562B442E9A00F901B4 /* Spotify AppUITests */,
				9F2D8B342B442E9900F901B4 /* Products */,
				C441B237BE3F59FA361D7388 /* Pods */,
				E3E88B09760B977A81545299 /* Frameworks */,
			);
			sourceTree = "<group>";
		};
		9F2D8B342B442E9900F901B4 /* Products */ = {
			isa = PBXGroup;
			children = (
				9F2D8B332B442E9900F901B4 /* Spotify App.app */,
				9F2D8B492B442E9A00F901B4 /* Spotify AppTests.xctest */,
				9F2D8B532B442E9A00F901B4 /* Spotify AppUITests.xctest */,
			);
			name = Products;
			sourceTree = "<group>";
		};
		9F2D8B352B442E9900F901B4 /* Spotify App */ = {
			isa = PBXGroup;
			children = (
				9F2D8B6D2B44300600F901B4 /* Managers */,
				9F2D8B6C2B442FFF00F901B4 /* ViewModels */,
				9F2D8B6B2B442FF300F901B4 /* Models */,
				9F1C4FF22B5AFC21003B2EFD /* Views */,
				9F2D8B692B442FCD00F901B4 /* ViewControllers */,
				9F2D8B682B442FA900F901B4 /* Resources */,
				9F2D8B442B442E9A00F901B4 /* Info.plist */,
			);
			path = "Spotify App";
			sourceTree = "<group>";
		};
		9F2D8B4C2B442E9A00F901B4 /* Spotify AppTests */ = {
			isa = PBXGroup;
			children = (
				9F2D8B4D2B442E9A00F901B4 /* Spotify_AppTests.swift */,
			);
			path = "Spotify AppTests";
			sourceTree = "<group>";
		};
		9F2D8B562B442E9A00F901B4 /* Spotify AppUITests */ = {
			isa = PBXGroup;
			children = (
				9F2D8B572B442E9A00F901B4 /* Spotify_AppUITests.swift */,
				9F2D8B592B442E9A00F901B4 /* Spotify_AppUITestsLaunchTests.swift */,
			);
			path = "Spotify AppUITests";
			sourceTree = "<group>";
		};
		9F2D8B682B442FA900F901B4 /* Resources */ = {
			isa = PBXGroup;
			children = (
				9F2D8B362B442E9900F901B4 /* AppDelegate.swift */,
				9F2D8B382B442E9900F901B4 /* SceneDelegate.swift */,
				9F2D8B3F2B442E9A00F901B4 /* Assets.xcassets */,
				9F2D8B922B44706200F901B4 /* Extensions.swift */,
			);
			path = Resources;
			sourceTree = "<group>";
		};
		9F2D8B692B442FCD00F901B4 /* ViewControllers */ = {
			isa = PBXGroup;
			children = (
				9F2D8B752B44307C00F901B4 /* Other */,
				9F2D8B6E2B44301000F901B4 /* Core */,
			);
			path = ViewControllers;
			sourceTree = "<group>";
		};
		9F2D8B6A2B442FE900F901B4 /* Browse */ = {
			isa = PBXGroup;
			children = (
				9F1C4FF32B5AFC71003B2EFD /* NewReleaseCollectionViewCell.swift */,
				9F1C4FF52B5AFC98003B2EFD /* FeaturedPlaylistCollectionViewCell.swift */,
				9F1C4FF72B5AFCAD003B2EFD /* RecommendedTrackCollectionViewCell.swift */,
			);
			path = Browse;
			sourceTree = "<group>";
		};
		9F2D8B6B2B442FF300F901B4 /* Models */ = {
			isa = PBXGroup;
			children = (
				9F2D8B8A2B44325600F901B4 /* Playlist.swift */,
				9F2D8B8C2B44325F00F901B4 /* Artist.swift */,
				9F2D8B8E2B44326E00F901B4 /* UserProfile.swift */,
				9F2D8B902B44327E00F901B4 /* AudioTrack.swift */,
				9FE119B42B47294B0092C592 /* AuthResponse.swift */,
				9F62F5752B5125E600EF00D8 /* SettingsModels.swift */,
				9F1C4FE82B5921B5003B2EFD /* NewReleasesResponse.swift */,
				9F1C4FEA2B5923B5003B2EFD /* APIImages.swift */,
				9F1C4FEC2B594276003B2EFD /* FeaturedPlaylistsResponse.swift */,
				9F1C4FEE2B5948F2003B2EFD /* RecommendedGenresResponse.swift */,
				9F1C4FF02B5955B0003B2EFD /* RecommendationsResponse.swift */,
			);
			path = Models;
			sourceTree = "<group>";
		};
		9F2D8B6C2B442FFF00F901B4 /* ViewModels */ = {
			isa = PBXGroup;
			children = (
				9FDF14A02B5BDF3100975F98 /* NewReleasesCellViewModel.swift */,
				9FDF14A22B5D1BF300975F98 /* FeaturedPlaylistCellViewModel.swift */,
				9FDF14A42B5D1C0D00975F98 /* RecommendedTracksCellViewModel.swift */,
			);
			path = ViewModels;
			sourceTree = "<group>";
		};
		9F2D8B6D2B44300600F901B4 /* Managers */ = {
			isa = PBXGroup;
			children = (
				9F2D8B842B44319600F901B4 /* AuthManager.swift */,
				9F2D8B862B4431A100F901B4 /* APICaller.swift */,
				9F2D8B882B4431B500F901B4 /* HapticsManager.swift */,
			);
			path = Managers;
			sourceTree = "<group>";
		};
		9F2D8B6E2B44301000F901B4 /* Core */ = {
			isa = PBXGroup;
			children = (
				9F2D8B662B442F9F00F901B4 /* MainTabBarVC.swift */,
				9F2D8B6F2B44304E00F901B4 /* HomeVC.swift */,
				9F2D8B712B44306100F901B4 /* SearchVC.swift */,
				9F2D8B732B44307300F901B4 /* LibraryVC.swift */,
			);
			path = Core;
			sourceTree = "<group>";
		};
		9F2D8B752B44307C00F901B4 /* Other */ = {
			isa = PBXGroup;
			children = (
				9F2D8B762B44309B00F901B4 /* AuthVC.swift */,
				9F2D8B782B4430A700F901B4 /* SettingsVC.swift */,
				9F2D8B7A2B4430B500F901B4 /* WelcomeVC.swift */,
				9F2D8B7C2B4430FE00F901B4 /* ProfileVC.swift */,
				9F2D8B7E2B44310B00F901B4 /* PlayerVC.swift */,
				9F2D8B802B44311D00F901B4 /* PlaylistVC.swift */,
				9F2D8B822B44313100F901B4 /* SearchResultsVC.swift */,
			);
			path = Other;
			sourceTree = "<group>";
		};
		C441B237BE3F59FA361D7388 /* Pods */ = {
			isa = PBXGroup;
			children = (
				67C8F75D31558217091AAAAF /* Pods-Spotify App.debug.xcconfig */,
				802B600FF388DF13D1E4DFCC /* Pods-Spotify App.release.xcconfig */,
				338F5CAB03DAD6AFE25DE8B0 /* Pods-Spotify App-Spotify AppUITests.debug.xcconfig */,
				32777222C0E4B6B08F3A2F76 /* Pods-Spotify App-Spotify AppUITests.release.xcconfig */,
				207C5420EED8D585D7D0D69B /* Pods-Spotify AppTests.debug.xcconfig */,
				3982C00E84B7E859DC9AEEE6 /* Pods-Spotify AppTests.release.xcconfig */,
			);
			path = Pods;
			sourceTree = "<group>";
		};
		E3E88B09760B977A81545299 /* Frameworks */ = {
			isa = PBXGroup;
			children = (
				DADD56FBFE96534D1072D555 /* Pods_Spotify_App.framework */,
				29454118DC3E91846E1D7F08 /* Pods_Spotify_App_Spotify_AppUITests.framework */,
				765F0454C8D0FA95CDCAF83C /* Pods_Spotify_AppTests.framework */,
			);
			name = Frameworks;
			sourceTree = "<group>";
		};
/* End PBXGroup section */

/* Begin PBXNativeTarget section */
		9F2D8B322B442E9900F901B4 /* Spotify App */ = {
			isa = PBXNativeTarget;
			buildConfigurationList = 9F2D8B5D2B442E9A00F901B4 /* Build configuration list for PBXNativeTarget "Spotify App" */;
			buildPhases = (
				5064C728476BED60902D4103 /* [CP] Check Pods Manifest.lock */,
				9F2D8B2F2B442E9900F901B4 /* Sources */,
				9F2D8B302B442E9900F901B4 /* Frameworks */,
				9F2D8B312B442E9900F901B4 /* Resources */,
				9EB8475CF59284FB98D4D88D /* [CP] Embed Pods Frameworks */,
			);
			buildRules = (
			);
			dependencies = (
			);
			name = "Spotify App";
			productName = "Spotify App";
			productReference = 9F2D8B332B442E9900F901B4 /* Spotify App.app */;
			productType = "com.apple.product-type.application";
		};
		9F2D8B482B442E9A00F901B4 /* Spotify AppTests */ = {
			isa = PBXNativeTarget;
			buildConfigurationList = 9F2D8B602B442E9A00F901B4 /* Build configuration list for PBXNativeTarget "Spotify AppTests" */;
			buildPhases = (
				031B885471ACD53A5A1EABC3 /* [CP] Check Pods Manifest.lock */,
				9F2D8B452B442E9A00F901B4 /* Sources */,
				9F2D8B462B442E9A00F901B4 /* Frameworks */,
				9F2D8B472B442E9A00F901B4 /* Resources */,
			);
			buildRules = (
			);
			dependencies = (
				9F2D8B4B2B442E9A00F901B4 /* PBXTargetDependency */,
			);
			name = "Spotify AppTests";
			productName = "Spotify AppTests";
			productReference = 9F2D8B492B442E9A00F901B4 /* Spotify AppTests.xctest */;
			productType = "com.apple.product-type.bundle.unit-test";
		};
		9F2D8B522B442E9A00F901B4 /* Spotify AppUITests */ = {
			isa = PBXNativeTarget;
			buildConfigurationList = 9F2D8B632B442E9A00F901B4 /* Build configuration list for PBXNativeTarget "Spotify AppUITests" */;
			buildPhases = (
				9AA3494299B18ADB03849B97 /* [CP] Check Pods Manifest.lock */,
				9F2D8B4F2B442E9A00F901B4 /* Sources */,
				9F2D8B502B442E9A00F901B4 /* Frameworks */,
				9F2D8B512B442E9A00F901B4 /* Resources */,
				F89F702E21C20C814F97F422 /* [CP] Embed Pods Frameworks */,
			);
			buildRules = (
			);
			dependencies = (
				9F2D8B552B442E9A00F901B4 /* PBXTargetDependency */,
			);
			name = "Spotify AppUITests";
			productName = "Spotify AppUITests";
			productReference = 9F2D8B532B442E9A00F901B4 /* Spotify AppUITests.xctest */;
			productType = "com.apple.product-type.bundle.ui-testing";
		};
/* End PBXNativeTarget section */

/* Begin PBXProject section */
		9F2D8B2B2B442E9900F901B4 /* Project object */ = {
			isa = PBXProject;
			attributes = {
				BuildIndependentTargetsInParallel = 1;
				LastSwiftUpdateCheck = 1410;
				LastUpgradeCheck = 1410;
				TargetAttributes = {
					9F2D8B322B442E9900F901B4 = {
						CreatedOnToolsVersion = 14.1;
					};
					9F2D8B482B442E9A00F901B4 = {
						CreatedOnToolsVersion = 14.1;
						TestTargetID = 9F2D8B322B442E9900F901B4;
					};
					9F2D8B522B442E9A00F901B4 = {
						CreatedOnToolsVersion = 14.1;
						TestTargetID = 9F2D8B322B442E9900F901B4;
					};
				};
			};
			buildConfigurationList = 9F2D8B2E2B442E9900F901B4 /* Build configuration list for PBXProject "Spotify App" */;
			compatibilityVersion = "Xcode 14.0";
			developmentRegion = en;
			hasScannedForEncodings = 0;
			knownRegions = (
				en,
				Base,
			);
			mainGroup = 9F2D8B2A2B442E9900F901B4;
			productRefGroup = 9F2D8B342B442E9900F901B4 /* Products */;
			projectDirPath = "";
			projectRoot = "";
			targets = (
				9F2D8B322B442E9900F901B4 /* Spotify App */,
				9F2D8B482B442E9A00F901B4 /* Spotify AppTests */,
				9F2D8B522B442E9A00F901B4 /* Spotify AppUITests */,
			);
		};
/* End PBXProject section */

/* Begin PBXResourcesBuildPhase section */
		9F2D8B312B442E9900F901B4 /* Resources */ = {
			isa = PBXResourcesBuildPhase;
			buildActionMask = 2147483647;
			files = (
				9F2D8B432B442E9A00F901B4 /* LaunchScreen.storyboard in Resources */,
				9F2D8B402B442E9A00F901B4 /* Assets.xcassets in Resources */,
			);
			runOnlyForDeploymentPostprocessing = 0;
		};
		9F2D8B472B442E9A00F901B4 /* Resources */ = {
			isa = PBXResourcesBuildPhase;
			buildActionMask = 2147483647;
			files = (
			);
			runOnlyForDeploymentPostprocessing = 0;
		};
		9F2D8B512B442E9A00F901B4 /* Resources */ = {
			isa = PBXResourcesBuildPhase;
			buildActionMask = 2147483647;
			files = (
			);
			runOnlyForDeploymentPostprocessing = 0;
		};
/* End PBXResourcesBuildPhase section */

/* Begin PBXShellScriptBuildPhase section */
		031B885471ACD53A5A1EABC3 /* [CP] Check Pods Manifest.lock */ = {
			isa = PBXShellScriptBuildPhase;
			buildActionMask = 2147483647;
			files = (
			);
			inputFileListPaths = (
			);
			inputPaths = (
				"${PODS_PODFILE_DIR_PATH}/Podfile.lock",
				"${PODS_ROOT}/Manifest.lock",
			);
			name = "[CP] Check Pods Manifest.lock";
			outputFileListPaths = (
			);
			outputPaths = (
				"$(DERIVED_FILE_DIR)/Pods-Spotify AppTests-checkManifestLockResult.txt",
			);
			runOnlyForDeploymentPostprocessing = 0;
			shellPath = /bin/sh;
			shellScript = "diff \"${PODS_PODFILE_DIR_PATH}/Podfile.lock\" \"${PODS_ROOT}/Manifest.lock\" > /dev/null\nif [ $? != 0 ] ; then\n    # print error to STDERR\n    echo \"error: The sandbox is not in sync with the Podfile.lock. Run 'pod install' or update your CocoaPods installation.\" >&2\n    exit 1\nfi\n# This output is used by Xcode 'outputs' to avoid re-running this script phase.\necho \"SUCCESS\" > \"${SCRIPT_OUTPUT_FILE_0}\"\n";
			showEnvVarsInLog = 0;
		};
		5064C728476BED60902D4103 /* [CP] Check Pods Manifest.lock */ = {
			isa = PBXShellScriptBuildPhase;
			buildActionMask = 2147483647;
			files = (
			);
			inputFileListPaths = (
			);
			inputPaths = (
				"${PODS_PODFILE_DIR_PATH}/Podfile.lock",
				"${PODS_ROOT}/Manifest.lock",
			);
			name = "[CP] Check Pods Manifest.lock";
			outputFileListPaths = (
			);
			outputPaths = (
				"$(DERIVED_FILE_DIR)/Pods-Spotify App-checkManifestLockResult.txt",
			);
			runOnlyForDeploymentPostprocessing = 0;
			shellPath = /bin/sh;
			shellScript = "diff \"${PODS_PODFILE_DIR_PATH}/Podfile.lock\" \"${PODS_ROOT}/Manifest.lock\" > /dev/null\nif [ $? != 0 ] ; then\n    # print error to STDERR\n    echo \"error: The sandbox is not in sync with the Podfile.lock. Run 'pod install' or update your CocoaPods installation.\" >&2\n    exit 1\nfi\n# This output is used by Xcode 'outputs' to avoid re-running this script phase.\necho \"SUCCESS\" > \"${SCRIPT_OUTPUT_FILE_0}\"\n";
			showEnvVarsInLog = 0;
		};
		9AA3494299B18ADB03849B97 /* [CP] Check Pods Manifest.lock */ = {
			isa = PBXShellScriptBuildPhase;
			buildActionMask = 2147483647;
			files = (
			);
			inputFileListPaths = (
			);
			inputPaths = (
				"${PODS_PODFILE_DIR_PATH}/Podfile.lock",
				"${PODS_ROOT}/Manifest.lock",
			);
			name = "[CP] Check Pods Manifest.lock";
			outputFileListPaths = (
			);
			outputPaths = (
				"$(DERIVED_FILE_DIR)/Pods-Spotify App-Spotify AppUITests-checkManifestLockResult.txt",
			);
			runOnlyForDeploymentPostprocessing = 0;
			shellPath = /bin/sh;
			shellScript = "diff \"${PODS_PODFILE_DIR_PATH}/Podfile.lock\" \"${PODS_ROOT}/Manifest.lock\" > /dev/null\nif [ $? != 0 ] ; then\n    # print error to STDERR\n    echo \"error: The sandbox is not in sync with the Podfile.lock. Run 'pod install' or update your CocoaPods installation.\" >&2\n    exit 1\nfi\n# This output is used by Xcode 'outputs' to avoid re-running this script phase.\necho \"SUCCESS\" > \"${SCRIPT_OUTPUT_FILE_0}\"\n";
			showEnvVarsInLog = 0;
		};
		9EB8475CF59284FB98D4D88D /* [CP] Embed Pods Frameworks */ = {
			isa = PBXShellScriptBuildPhase;
			buildActionMask = 2147483647;
			files = (
			);
			inputFileListPaths = (
				"${PODS_ROOT}/Target Support Files/Pods-Spotify App/Pods-Spotify App-frameworks-${CONFIGURATION}-input-files.xcfilelist",
			);
			name = "[CP] Embed Pods Frameworks";
			outputFileListPaths = (
				"${PODS_ROOT}/Target Support Files/Pods-Spotify App/Pods-Spotify App-frameworks-${CONFIGURATION}-output-files.xcfilelist",
			);
			runOnlyForDeploymentPostprocessing = 0;
			shellPath = /bin/sh;
			shellScript = "\"${PODS_ROOT}/Target Support Files/Pods-Spotify App/Pods-Spotify App-frameworks.sh\"\n";
			showEnvVarsInLog = 0;
		};
		F89F702E21C20C814F97F422 /* [CP] Embed Pods Frameworks */ = {
			isa = PBXShellScriptBuildPhase;
			buildActionMask = 2147483647;
			files = (
			);
			inputFileListPaths = (
				"${PODS_ROOT}/Target Support Files/Pods-Spotify App-Spotify AppUITests/Pods-Spotify App-Spotify AppUITests-frameworks-${CONFIGURATION}-input-files.xcfilelist",
			);
			name = "[CP] Embed Pods Frameworks";
			outputFileListPaths = (
				"${PODS_ROOT}/Target Support Files/Pods-Spotify App-Spotify AppUITests/Pods-Spotify App-Spotify AppUITests-frameworks-${CONFIGURATION}-output-files.xcfilelist",
			);
			runOnlyForDeploymentPostprocessing = 0;
			shellPath = /bin/sh;
			shellScript = "\"${PODS_ROOT}/Target Support Files/Pods-Spotify App-Spotify AppUITests/Pods-Spotify App-Spotify AppUITests-frameworks.sh\"\n";
			showEnvVarsInLog = 0;
		};
/* End PBXShellScriptBuildPhase section */

/* Begin PBXSourcesBuildPhase section */
		9F2D8B2F2B442E9900F901B4 /* Sources */ = {
			isa = PBXSourcesBuildPhase;
			buildActionMask = 2147483647;
			files = (
				9F2D8B7D2B4430FE00F901B4 /* ProfileVC.swift in Sources */,
				9F2D8B8B2B44325600F901B4 /* Playlist.swift in Sources */,
				9F2D8B852B44319600F901B4 /* AuthManager.swift in Sources */,
				9FDF14A12B5BDF3100975F98 /* NewReleasesCellViewModel.swift in Sources */,
				9F2D8B372B442E9900F901B4 /* AppDelegate.swift in Sources */,
				9FDF14A32B5D1BF300975F98 /* FeaturedPlaylistCellViewModel.swift in Sources */,
				9F2D8B812B44311D00F901B4 /* PlaylistVC.swift in Sources */,
				9F2D8B722B44306100F901B4 /* SearchVC.swift in Sources */,
				9F2D8B912B44327E00F901B4 /* AudioTrack.swift in Sources */,
				9F2D8B742B44307300F901B4 /* LibraryVC.swift in Sources */,
				9FDF14A52B5D1C0D00975F98 /* RecommendedTracksCellViewModel.swift in Sources */,
				9F1C4FF82B5AFCAD003B2EFD /* RecommendedTrackCollectionViewCell.swift in Sources */,
				9FE119B52B47294B0092C592 /* AuthResponse.swift in Sources */,
				9F1C4FE92B5921B5003B2EFD /* NewReleasesResponse.swift in Sources */,
				9F2D8B892B4431B500F901B4 /* HapticsManager.swift in Sources */,
				9F1C4FF12B5955B0003B2EFD /* RecommendationsResponse.swift in Sources */,
				9F2D8B832B44313100F901B4 /* SearchResultsVC.swift in Sources */,
				9F2D8B702B44304E00F901B4 /* HomeVC.swift in Sources */,
				9F1C4FF42B5AFC71003B2EFD /* NewReleaseCollectionViewCell.swift in Sources */,
				9F2D8B772B44309B00F901B4 /* AuthVC.swift in Sources */,
				9F1C4FF62B5AFC98003B2EFD /* FeaturedPlaylistCollectionViewCell.swift in Sources */,
				9F2D8B792B4430A700F901B4 /* SettingsVC.swift in Sources */,
				9F2D8B932B44706200F901B4 /* Extensions.swift in Sources */,
				9F2D8B8D2B44325F00F901B4 /* Artist.swift in Sources */,
				9F2D8B7B2B4430B500F901B4 /* WelcomeVC.swift in Sources */,
				9F62F5762B5125E600EF00D8 /* SettingsModels.swift in Sources */,
				9F2D8B8F2B44326E00F901B4 /* UserProfile.swift in Sources */,
				9F2D8B392B442E9900F901B4 /* SceneDelegate.swift in Sources */,
				9F2D8B672B442F9F00F901B4 /* MainTabBarVC.swift in Sources */,
				9F1C4FEB2B5923B5003B2EFD /* APIImages.swift in Sources */,
				9F2D8B872B4431A100F901B4 /* APICaller.swift in Sources */,
				9F1C4FED2B594276003B2EFD /* FeaturedPlaylistsResponse.swift in Sources */,
				9F2D8B7F2B44310B00F901B4 /* PlayerVC.swift in Sources */,
				9F1C4FEF2B5948F2003B2EFD /* RecommendedGenresResponse.swift in Sources */,
			);
			runOnlyForDeploymentPostprocessing = 0;
		};
		9F2D8B452B442E9A00F901B4 /* Sources */ = {
			isa = PBXSourcesBuildPhase;
			buildActionMask = 2147483647;
			files = (
				9F2D8B4E2B442E9A00F901B4 /* Spotify_AppTests.swift in Sources */,
			);
			runOnlyForDeploymentPostprocessing = 0;
		};
		9F2D8B4F2B442E9A00F901B4 /* Sources */ = {
			isa = PBXSourcesBuildPhase;
			buildActionMask = 2147483647;
			files = (
				9F2D8B582B442E9A00F901B4 /* Spotify_AppUITests.swift in Sources */,
				9F2D8B5A2B442E9A00F901B4 /* Spotify_AppUITestsLaunchTests.swift in Sources */,
			);
			runOnlyForDeploymentPostprocessing = 0;
		};
/* End PBXSourcesBuildPhase section */

/* Begin PBXTargetDependency section */
		9F2D8B4B2B442E9A00F901B4 /* PBXTargetDependency */ = {
			isa = PBXTargetDependency;
			target = 9F2D8B322B442E9900F901B4 /* Spotify App */;
			targetProxy = 9F2D8B4A2B442E9A00F901B4 /* PBXContainerItemProxy */;
		};
		9F2D8B552B442E9A00F901B4 /* PBXTargetDependency */ = {
			isa = PBXTargetDependency;
			target = 9F2D8B322B442E9900F901B4 /* Spotify App */;
			targetProxy = 9F2D8B542B442E9A00F901B4 /* PBXContainerItemProxy */;
		};
/* End PBXTargetDependency section */

/* Begin PBXVariantGroup section */
		9F2D8B412B442E9A00F901B4 /* LaunchScreen.storyboard */ = {
			isa = PBXVariantGroup;
			children = (
				9F2D8B422B442E9A00F901B4 /* Base */,
			);
			name = LaunchScreen.storyboard;
			sourceTree = "<group>";
		};
/* End PBXVariantGroup section */

/* Begin XCBuildConfiguration section */
		9F2D8B5B2B442E9A00F901B4 /* Debug */ = {
			isa = XCBuildConfiguration;
			buildSettings = {
				ALWAYS_SEARCH_USER_PATHS = NO;
				CLANG_ANALYZER_NONNULL = YES;
				CLANG_ANALYZER_NUMBER_OBJECT_CONVERSION = YES_AGGRESSIVE;
				CLANG_CXX_LANGUAGE_STANDARD = "gnu++20";
				CLANG_ENABLE_MODULES = YES;
				CLANG_ENABLE_OBJC_ARC = YES;
				CLANG_ENABLE_OBJC_WEAK = YES;
				CLANG_WARN_BLOCK_CAPTURE_AUTORELEASING = YES;
				CLANG_WARN_BOOL_CONVERSION = YES;
				CLANG_WARN_COMMA = YES;
				CLANG_WARN_CONSTANT_CONVERSION = YES;
				CLANG_WARN_DEPRECATED_OBJC_IMPLEMENTATIONS = YES;
				CLANG_WARN_DIRECT_OBJC_ISA_USAGE = YES_ERROR;
				CLANG_WARN_DOCUMENTATION_COMMENTS = YES;
				CLANG_WARN_EMPTY_BODY = YES;
				CLANG_WARN_ENUM_CONVERSION = YES;
				CLANG_WARN_INFINITE_RECURSION = YES;
				CLANG_WARN_INT_CONVERSION = YES;
				CLANG_WARN_NON_LITERAL_NULL_CONVERSION = YES;
				CLANG_WARN_OBJC_IMPLICIT_RETAIN_SELF = YES;
				CLANG_WARN_OBJC_LITERAL_CONVERSION = YES;
				CLANG_WARN_OBJC_ROOT_CLASS = YES_ERROR;
				CLANG_WARN_QUOTED_INCLUDE_IN_FRAMEWORK_HEADER = YES;
				CLANG_WARN_RANGE_LOOP_ANALYSIS = YES;
				CLANG_WARN_STRICT_PROTOTYPES = YES;
				CLANG_WARN_SUSPICIOUS_MOVE = YES;
				CLANG_WARN_UNGUARDED_AVAILABILITY = YES_AGGRESSIVE;
				CLANG_WARN_UNREACHABLE_CODE = YES;
				CLANG_WARN__DUPLICATE_METHOD_MATCH = YES;
				COPY_PHASE_STRIP = NO;
				DEBUG_INFORMATION_FORMAT = dwarf;
				ENABLE_STRICT_OBJC_MSGSEND = YES;
				ENABLE_TESTABILITY = YES;
				GCC_C_LANGUAGE_STANDARD = gnu11;
				GCC_DYNAMIC_NO_PIC = NO;
				GCC_NO_COMMON_BLOCKS = YES;
				GCC_OPTIMIZATION_LEVEL = 0;
				GCC_PREPROCESSOR_DEFINITIONS = (
					"DEBUG=1",
					"$(inherited)",
				);
				GCC_WARN_64_TO_32_BIT_CONVERSION = YES;
				GCC_WARN_ABOUT_RETURN_TYPE = YES_ERROR;
				GCC_WARN_UNDECLARED_SELECTOR = YES;
				GCC_WARN_UNINITIALIZED_AUTOS = YES_AGGRESSIVE;
				GCC_WARN_UNUSED_FUNCTION = YES;
				GCC_WARN_UNUSED_VARIABLE = YES;
				IPHONEOS_DEPLOYMENT_TARGET = 16.1;
				MTL_ENABLE_DEBUG_INFO = INCLUDE_SOURCE;
				MTL_FAST_MATH = YES;
				ONLY_ACTIVE_ARCH = YES;
				SDKROOT = iphoneos;
				SWIFT_ACTIVE_COMPILATION_CONDITIONS = DEBUG;
				SWIFT_OPTIMIZATION_LEVEL = "-Onone";
			};
			name = Debug;
		};
		9F2D8B5C2B442E9A00F901B4 /* Release */ = {
			isa = XCBuildConfiguration;
			buildSettings = {
				ALWAYS_SEARCH_USER_PATHS = NO;
				CLANG_ANALYZER_NONNULL = YES;
				CLANG_ANALYZER_NUMBER_OBJECT_CONVERSION = YES_AGGRESSIVE;
				CLANG_CXX_LANGUAGE_STANDARD = "gnu++20";
				CLANG_ENABLE_MODULES = YES;
				CLANG_ENABLE_OBJC_ARC = YES;
				CLANG_ENABLE_OBJC_WEAK = YES;
				CLANG_WARN_BLOCK_CAPTURE_AUTORELEASING = YES;
				CLANG_WARN_BOOL_CONVERSION = YES;
				CLANG_WARN_COMMA = YES;
				CLANG_WARN_CONSTANT_CONVERSION = YES;
				CLANG_WARN_DEPRECATED_OBJC_IMPLEMENTATIONS = YES;
				CLANG_WARN_DIRECT_OBJC_ISA_USAGE = YES_ERROR;
				CLANG_WARN_DOCUMENTATION_COMMENTS = YES;
				CLANG_WARN_EMPTY_BODY = YES;
				CLANG_WARN_ENUM_CONVERSION = YES;
				CLANG_WARN_INFINITE_RECURSION = YES;
				CLANG_WARN_INT_CONVERSION = YES;
				CLANG_WARN_NON_LITERAL_NULL_CONVERSION = YES;
				CLANG_WARN_OBJC_IMPLICIT_RETAIN_SELF = YES;
				CLANG_WARN_OBJC_LITERAL_CONVERSION = YES;
				CLANG_WARN_OBJC_ROOT_CLASS = YES_ERROR;
				CLANG_WARN_QUOTED_INCLUDE_IN_FRAMEWORK_HEADER = YES;
				CLANG_WARN_RANGE_LOOP_ANALYSIS = YES;
				CLANG_WARN_STRICT_PROTOTYPES = YES;
				CLANG_WARN_SUSPICIOUS_MOVE = YES;
				CLANG_WARN_UNGUARDED_AVAILABILITY = YES_AGGRESSIVE;
				CLANG_WARN_UNREACHABLE_CODE = YES;
				CLANG_WARN__DUPLICATE_METHOD_MATCH = YES;
				COPY_PHASE_STRIP = NO;
				DEBUG_INFORMATION_FORMAT = "dwarf-with-dsym";
				ENABLE_NS_ASSERTIONS = NO;
				ENABLE_STRICT_OBJC_MSGSEND = YES;
				GCC_C_LANGUAGE_STANDARD = gnu11;
				GCC_NO_COMMON_BLOCKS = YES;
				GCC_WARN_64_TO_32_BIT_CONVERSION = YES;
				GCC_WARN_ABOUT_RETURN_TYPE = YES_ERROR;
				GCC_WARN_UNDECLARED_SELECTOR = YES;
				GCC_WARN_UNINITIALIZED_AUTOS = YES_AGGRESSIVE;
				GCC_WARN_UNUSED_FUNCTION = YES;
				GCC_WARN_UNUSED_VARIABLE = YES;
				IPHONEOS_DEPLOYMENT_TARGET = 16.1;
				MTL_ENABLE_DEBUG_INFO = NO;
				MTL_FAST_MATH = YES;
				SDKROOT = iphoneos;
				SWIFT_COMPILATION_MODE = wholemodule;
				SWIFT_OPTIMIZATION_LEVEL = "-O";
				VALIDATE_PRODUCT = YES;
			};
			name = Release;
		};
		9F2D8B5E2B442E9A00F901B4 /* Debug */ = {
			isa = XCBuildConfiguration;
			baseConfigurationReference = 67C8F75D31558217091AAAAF /* Pods-Spotify App.debug.xcconfig */;
			buildSettings = {
				ASSETCATALOG_COMPILER_APPICON_NAME = AppIcon;
				ASSETCATALOG_COMPILER_GLOBAL_ACCENT_COLOR_NAME = AccentColor;
				CODE_SIGN_STYLE = Automatic;
				CURRENT_PROJECT_VERSION = 1;
				DEVELOPMENT_TEAM = 6AZ6TUHC7X;
				GENERATE_INFOPLIST_FILE = YES;
				INFOPLIST_FILE = "Spotify App/Info.plist";
				INFOPLIST_KEY_UIApplicationSupportsIndirectInputEvents = YES;
				INFOPLIST_KEY_UILaunchStoryboardName = LaunchScreen;
				INFOPLIST_KEY_UISupportedInterfaceOrientations_iPad = "UIInterfaceOrientationPortrait UIInterfaceOrientationPortraitUpsideDown UIInterfaceOrientationLandscapeLeft UIInterfaceOrientationLandscapeRight";
				INFOPLIST_KEY_UISupportedInterfaceOrientations_iPhone = "UIInterfaceOrientationPortrait UIInterfaceOrientationLandscapeLeft UIInterfaceOrientationLandscapeRight";
				LD_RUNPATH_SEARCH_PATHS = (
					"$(inherited)",
					"@executable_path/Frameworks",
				);
				MARKETING_VERSION = 1.0;
				PRODUCT_BUNDLE_IDENTIFIER = "kz.iosdeveloper.Spotify-App";
				PRODUCT_NAME = "$(TARGET_NAME)";
				SWIFT_EMIT_LOC_STRINGS = YES;
				SWIFT_VERSION = 5.0;
				TARGETED_DEVICE_FAMILY = "1,2";
			};
			name = Debug;
		};
		9F2D8B5F2B442E9A00F901B4 /* Release */ = {
			isa = XCBuildConfiguration;
			baseConfigurationReference = 802B600FF388DF13D1E4DFCC /* Pods-Spotify App.release.xcconfig */;
			buildSettings = {
				ASSETCATALOG_COMPILER_APPICON_NAME = AppIcon;
				ASSETCATALOG_COMPILER_GLOBAL_ACCENT_COLOR_NAME = AccentColor;
				CODE_SIGN_STYLE = Automatic;
				CURRENT_PROJECT_VERSION = 1;
				DEVELOPMENT_TEAM = 6AZ6TUHC7X;
				GENERATE_INFOPLIST_FILE = YES;
				INFOPLIST_FILE = "Spotify App/Info.plist";
				INFOPLIST_KEY_UIApplicationSupportsIndirectInputEvents = YES;
				INFOPLIST_KEY_UILaunchStoryboardName = LaunchScreen;
				INFOPLIST_KEY_UISupportedInterfaceOrientations_iPad = "UIInterfaceOrientationPortrait UIInterfaceOrientationPortraitUpsideDown UIInterfaceOrientationLandscapeLeft UIInterfaceOrientationLandscapeRight";
				INFOPLIST_KEY_UISupportedInterfaceOrientations_iPhone = "UIInterfaceOrientationPortrait UIInterfaceOrientationLandscapeLeft UIInterfaceOrientationLandscapeRight";
				LD_RUNPATH_SEARCH_PATHS = (
					"$(inherited)",
					"@executable_path/Frameworks",
				);
				MARKETING_VERSION = 1.0;
				PRODUCT_BUNDLE_IDENTIFIER = "kz.iosdeveloper.Spotify-App";
				PRODUCT_NAME = "$(TARGET_NAME)";
				SWIFT_EMIT_LOC_STRINGS = YES;
				SWIFT_VERSION = 5.0;
				TARGETED_DEVICE_FAMILY = "1,2";
			};
			name = Release;
		};
		9F2D8B612B442E9A00F901B4 /* Debug */ = {
			isa = XCBuildConfiguration;
			baseConfigurationReference = 207C5420EED8D585D7D0D69B /* Pods-Spotify AppTests.debug.xcconfig */;
			buildSettings = {
				ALWAYS_EMBED_SWIFT_STANDARD_LIBRARIES = YES;
				BUNDLE_LOADER = "$(TEST_HOST)";
				CODE_SIGN_STYLE = Automatic;
				CURRENT_PROJECT_VERSION = 1;
				DEVELOPMENT_TEAM = 6AZ6TUHC7X;
				GENERATE_INFOPLIST_FILE = YES;
				IPHONEOS_DEPLOYMENT_TARGET = 16.1;
				MARKETING_VERSION = 1.0;
				PRODUCT_BUNDLE_IDENTIFIER = "kz.iosdeveloper.Spotify-AppTests";
				PRODUCT_NAME = "$(TARGET_NAME)";
				SWIFT_EMIT_LOC_STRINGS = NO;
				SWIFT_VERSION = 5.0;
				TARGETED_DEVICE_FAMILY = "1,2";
				TEST_HOST = "$(BUILT_PRODUCTS_DIR)/Spotify App.app/$(BUNDLE_EXECUTABLE_FOLDER_PATH)/Spotify App";
			};
			name = Debug;
		};
		9F2D8B622B442E9A00F901B4 /* Release */ = {
			isa = XCBuildConfiguration;
			baseConfigurationReference = 3982C00E84B7E859DC9AEEE6 /* Pods-Spotify AppTests.release.xcconfig */;
			buildSettings = {
				ALWAYS_EMBED_SWIFT_STANDARD_LIBRARIES = YES;
				BUNDLE_LOADER = "$(TEST_HOST)";
				CODE_SIGN_STYLE = Automatic;
				CURRENT_PROJECT_VERSION = 1;
				DEVELOPMENT_TEAM = 6AZ6TUHC7X;
				GENERATE_INFOPLIST_FILE = YES;
				IPHONEOS_DEPLOYMENT_TARGET = 16.1;
				MARKETING_VERSION = 1.0;
				PRODUCT_BUNDLE_IDENTIFIER = "kz.iosdeveloper.Spotify-AppTests";
				PRODUCT_NAME = "$(TARGET_NAME)";
				SWIFT_EMIT_LOC_STRINGS = NO;
				SWIFT_VERSION = 5.0;
				TARGETED_DEVICE_FAMILY = "1,2";
				TEST_HOST = "$(BUILT_PRODUCTS_DIR)/Spotify App.app/$(BUNDLE_EXECUTABLE_FOLDER_PATH)/Spotify App";
			};
			name = Release;
		};
		9F2D8B642B442E9A00F901B4 /* Debug */ = {
			isa = XCBuildConfiguration;
			baseConfigurationReference = 338F5CAB03DAD6AFE25DE8B0 /* Pods-Spotify App-Spotify AppUITests.debug.xcconfig */;
			buildSettings = {
				ALWAYS_EMBED_SWIFT_STANDARD_LIBRARIES = YES;
				CODE_SIGN_STYLE = Automatic;
				CURRENT_PROJECT_VERSION = 1;
				DEVELOPMENT_TEAM = 6AZ6TUHC7X;
				GENERATE_INFOPLIST_FILE = YES;
				MARKETING_VERSION = 1.0;
				PRODUCT_BUNDLE_IDENTIFIER = "kz.iosdeveloper.Spotify-AppUITests";
				PRODUCT_NAME = "$(TARGET_NAME)";
				SWIFT_EMIT_LOC_STRINGS = NO;
				SWIFT_VERSION = 5.0;
				TARGETED_DEVICE_FAMILY = "1,2";
				TEST_TARGET_NAME = "Spotify App";
			};
			name = Debug;
		};
		9F2D8B652B442E9A00F901B4 /* Release */ = {
			isa = XCBuildConfiguration;
			baseConfigurationReference = 32777222C0E4B6B08F3A2F76 /* Pods-Spotify App-Spotify AppUITests.release.xcconfig */;
			buildSettings = {
				ALWAYS_EMBED_SWIFT_STANDARD_LIBRARIES = YES;
				CODE_SIGN_STYLE = Automatic;
				CURRENT_PROJECT_VERSION = 1;
				DEVELOPMENT_TEAM = 6AZ6TUHC7X;
				GENERATE_INFOPLIST_FILE = YES;
				MARKETING_VERSION = 1.0;
				PRODUCT_BUNDLE_IDENTIFIER = "kz.iosdeveloper.Spotify-AppUITests";
				PRODUCT_NAME = "$(TARGET_NAME)";
				SWIFT_EMIT_LOC_STRINGS = NO;
				SWIFT_VERSION = 5.0;
				TARGETED_DEVICE_FAMILY = "1,2";
				TEST_TARGET_NAME = "Spotify App";
			};
			name = Release;
		};
/* End XCBuildConfiguration section */

/* Begin XCConfigurationList section */
		9F2D8B2E2B442E9900F901B4 /* Build configuration list for PBXProject "Spotify App" */ = {
			isa = XCConfigurationList;
			buildConfigurations = (
				9F2D8B5B2B442E9A00F901B4 /* Debug */,
				9F2D8B5C2B442E9A00F901B4 /* Release */,
			);
			defaultConfigurationIsVisible = 0;
			defaultConfigurationName = Release;
		};
		9F2D8B5D2B442E9A00F901B4 /* Build configuration list for PBXNativeTarget "Spotify App" */ = {
			isa = XCConfigurationList;
			buildConfigurations = (
				9F2D8B5E2B442E9A00F901B4 /* Debug */,
				9F2D8B5F2B442E9A00F901B4 /* Release */,
			);
			defaultConfigurationIsVisible = 0;
			defaultConfigurationName = Release;
		};
		9F2D8B602B442E9A00F901B4 /* Build configuration list for PBXNativeTarget "Spotify AppTests" */ = {
			isa = XCConfigurationList;
			buildConfigurations = (
				9F2D8B612B442E9A00F901B4 /* Debug */,
				9F2D8B622B442E9A00F901B4 /* Release */,
			);
			defaultConfigurationIsVisible = 0;
			defaultConfigurationName = Release;
		};
		9F2D8B632B442E9A00F901B4 /* Build configuration list for PBXNativeTarget "Spotify AppUITests" */ = {
			isa = XCConfigurationList;
			buildConfigurations = (
				9F2D8B642B442E9A00F901B4 /* Debug */,
				9F2D8B652B442E9A00F901B4 /* Release */,
			);
			defaultConfigurationIsVisible = 0;
			defaultConfigurationName = Release;
		};
/* End XCConfigurationList section */
	};
	rootObject = 9F2D8B2B2B442E9900F901B4 /* Project object */;
}
